
Microsoft Visual Studio Solution File, Format Version 12.00
# Visual Studio Version 17
VisualStudioVersion = 17.5.33516.290
MinimumVisualStudioVersion = 10.0.40219.1
Project("{FAE04EC0-301F-11D3-BF4B-00C04F79EFBC}") = "cs29_filehandling", "cs29_filehandling\cs29_filehandling.csproj", "{61E18DF6-DCE2-4AF8-B606-B29746205710}"
EndProject
Project("{FAE04EC0-301F-11D3-BF4B-00C04F79EFBC}") = "cs30_filereadwrite", "cs30_filereadwrite\cs30_filereadwrite.csproj", "{E8C07C09-6217-4562-A5EC-8FD6E6E49524}"
EndProject
Project("{FAE04EC0-301F-11D3-BF4B-00C04F79EFBC}") = "wf12_notepad", "wf12_notepad\wf12_notepad.csproj", "{4D1675E2-D876-46D5-8B18-CDAC8C419398}"
EndProject
Global
	GlobalSection(SolutionConfigurationPlatforms) = preSolution
		Debug|Any CPU = Debug|Any CPU
		Release|Any CPU = Release|Any CPU
	EndGlobalSection
	GlobalSection(ProjectConfigurationPlatforms) = postSolution
		{61E18DF6-DCE2-4AF8-B606-B29746205710}.Debug|Any CPU.ActiveCfg = Debug|Any CPU
		{61E18DF6-DCE2-4AF8-B606-B29746205710}.Debug|Any CPU.Build.0 = Debug|Any CPU
		{61E18DF6-DCE2-4AF8-B606-B29746205710}.Release|Any CPU.ActiveCfg = Release|Any CPU
		{61E18DF6-DCE2-4AF8-B606-B29746205710}.Release|Any CPU.Build.0 = Release|Any CPU
		{E8C07C09-6217-4562-A5EC-8FD6E6E49524}.Debug|Any CPU.ActiveCfg = Debug|Any CPU
		{E8C07C09-6217-4562-A5EC-8FD6E6E49524}.Debug|Any CPU.Build.0 = Debug|Any CPU
		{E8C07C09-6217-4562-A5EC-8FD6E6E49524}.Release|Any CPU.ActiveCfg = Release|Any CPU
		{E8C07C09-6217-4562-A5EC-8FD6E6E49524}.Release|Any CPU.Build.0 = Release|Any CPU
		{4D1675E2-D876-46D5-8B18-CDAC8C419398}.Debug|Any CPU.ActiveCfg = Debug|Any CPU
		{4D1675E2-D876-46D5-8B18-CDAC8C419398}.Debug|Any CPU.Build.0 = Debug|Any CPU
		{4D1675E2-D876-46D5-8B18-CDAC8C419398}.Release|Any CPU.ActiveCfg = Release|Any CPU
		{4D1675E2-D876-46D5-8B18-CDAC8C419398}.Release|Any CPU.Build.0 = Release|Any CPU
	EndGlobalSection
	GlobalSection(SolutionProperties) = preSolution
		HideSolutionNode = FALSE
	EndGlobalSection
	GlobalSection(ExtensibilityGlobals) = postSolution
		SolutionGuid = {513CDF76-0567-4523-885D-0818CA68C33B}
	EndGlobalSection
EndGlobal
