
Microsoft Visual Studio Solution File, Format Version 12.00
# Visual Studio Version 17
VisualStudioVersion = 17.5.33516.290
MinimumVisualStudioVersion = 10.0.40219.1
Project("{FAE04EC0-301F-11D3-BF4B-00C04F79EFBC}") = "cs26_delegate", "cs26_delegate\cs26_delegate.csproj", "{A8F568E3-3E5F-4E66-BBDC-D907ABBB428F}"
EndProject
Project("{FAE04EC0-301F-11D3-BF4B-00C04F79EFBC}") = "cs27_delegatechain", "cs27_delegatechain\cs27_delegatechain.csproj", "{423A61AC-8AF2-4633-A016-E16ACC029C5A}"
EndProject
Project("{FAE04EC0-301F-11D3-BF4B-00C04F79EFBC}") = "cs28_event", "cs28_event\cs28_event.csproj", "{187FAE37-C22B-49F5-9D08-409C60AAA73D}"
EndProject
Global
	GlobalSection(SolutionConfigurationPlatforms) = preSolution
		Debug|Any CPU = Debug|Any CPU
		Release|Any CPU = Release|Any CPU
	EndGlobalSection
	GlobalSection(ProjectConfigurationPlatforms) = postSolution
		{A8F568E3-3E5F-4E66-BBDC-D907ABBB428F}.Debug|Any CPU.ActiveCfg = Debug|Any CPU
		{A8F568E3-3E5F-4E66-BBDC-D907ABBB428F}.Debug|Any CPU.Build.0 = Debug|Any CPU
		{A8F568E3-3E5F-4E66-BBDC-D907ABBB428F}.Release|Any CPU.ActiveCfg = Release|Any CPU
		{A8F568E3-3E5F-4E66-BBDC-D907ABBB428F}.Release|Any CPU.Build.0 = Release|Any CPU
		{423A61AC-8AF2-4633-A016-E16ACC029C5A}.Debug|Any CPU.ActiveCfg = Debug|Any CPU
		{423A61AC-8AF2-4633-A016-E16ACC029C5A}.Debug|Any CPU.Build.0 = Debug|Any CPU
		{423A61AC-8AF2-4633-A016-E16ACC029C5A}.Release|Any CPU.ActiveCfg = Release|Any CPU
		{423A61AC-8AF2-4633-A016-E16ACC029C5A}.Release|Any CPU.Build.0 = Release|Any CPU
		{187FAE37-C22B-49F5-9D08-409C60AAA73D}.Debug|Any CPU.ActiveCfg = Debug|Any CPU
		{187FAE37-C22B-49F5-9D08-409C60AAA73D}.Debug|Any CPU.Build.0 = Debug|Any CPU
		{187FAE37-C22B-49F5-9D08-409C60AAA73D}.Release|Any CPU.ActiveCfg = Release|Any CPU
		{187FAE37-C22B-49F5-9D08-409C60AAA73D}.Release|Any CPU.Build.0 = Release|Any CPU
	EndGlobalSection
	GlobalSection(SolutionProperties) = preSolution
		HideSolutionNode = FALSE
	EndGlobalSection
	GlobalSection(ExtensibilityGlobals) = postSolution
		SolutionGuid = {B31EC034-84B1-4CE5-A8B2-BFF96554EAF9}
	EndGlobalSection
EndGlobal
