
Microsoft Visual Studio Solution File, Format Version 12.00
# Visual Studio Version 17
VisualStudioVersion = 17.5.33516.290
MinimumVisualStudioVersion = 10.0.40219.1
Project("{FAE04EC0-301F-11D3-BF4B-00C04F79EFBC}") = "wf08_dbhandling", "wf08_dbhandling\wf08_dbhandling.csproj", "{8222E825-8206-4E63-97E8-0DC563C05BD0}"
EndProject
Project("{FAE04EC0-301F-11D3-BF4B-00C04F79EFBC}") = "wf07_myexplorer", "wf07_myexplorer\wf07_myexplorer.csproj", "{1ACFF380-6B12-4123-9052-64BCC67FEEBC}"
EndProject
Global
	GlobalSection(SolutionConfigurationPlatforms) = preSolution
		Debug|Any CPU = Debug|Any CPU
		Release|Any CPU = Release|Any CPU
	EndGlobalSection
	GlobalSection(ProjectConfigurationPlatforms) = postSolution
		{8222E825-8206-4E63-97E8-0DC563C05BD0}.Debug|Any CPU.ActiveCfg = Debug|Any CPU
		{8222E825-8206-4E63-97E8-0DC563C05BD0}.Debug|Any CPU.Build.0 = Debug|Any CPU
		{8222E825-8206-4E63-97E8-0DC563C05BD0}.Release|Any CPU.ActiveCfg = Release|Any CPU
		{8222E825-8206-4E63-97E8-0DC563C05BD0}.Release|Any CPU.Build.0 = Release|Any CPU
		{1ACFF380-6B12-4123-9052-64BCC67FEEBC}.Debug|Any CPU.ActiveCfg = Debug|Any CPU
		{1ACFF380-6B12-4123-9052-64BCC67FEEBC}.Debug|Any CPU.Build.0 = Debug|Any CPU
		{1ACFF380-6B12-4123-9052-64BCC67FEEBC}.Release|Any CPU.ActiveCfg = Release|Any CPU
		{1ACFF380-6B12-4123-9052-64BCC67FEEBC}.Release|Any CPU.Build.0 = Release|Any CPU
	EndGlobalSection
	GlobalSection(SolutionProperties) = preSolution
		HideSolutionNode = FALSE
	EndGlobalSection
	GlobalSection(ExtensibilityGlobals) = postSolution
		SolutionGuid = {55AFCAA6-3C4C-4B0E-8EB9-FCCE75B6E4C7}
	EndGlobalSection
EndGlobal
